# Reviewed extension artifacts. Constants, not local.conf options.
# Change URL, version, SHA-256 and compatibility together after review.
DING_UUID="ding@rastersoft.com"
DING_SOURCE_URL="https://extensions.gnome.org/review/download/74408.shell-extension.zip"
DING_REVIEW_ID="74408"
DING_VERSION="95"
DING_SHELL_VERSION="50"
DING_SHA256="48175f0b5c1f8a1a724d761198c91d6994e91e28aec685605ae6a240b0a95aae"
DING_SCHEMA="org.gnome.shell.extensions.ding"
SHOW_DESKTOP_PLUS_UUID="show-desktop-plus@attentivecoder"
SHOW_DESKTOP_PLUS_SOURCE_URL="https://extensions.gnome.org/review/download/70326.shell-extension.zip"
SHOW_DESKTOP_PLUS_REVIEW_ID="70326"
SHOW_DESKTOP_PLUS_VERSION="8"
SHOW_DESKTOP_PLUS_SHELL_VERSION="50"
SHOW_DESKTOP_PLUS_SHA256="9ceab00be63b93c4eade16cf804bf4edd587632750aa89b78e317673fd6016a9"
SHOW_DESKTOP_PLUS_SCHEMA="org.gnome.shell.extensions.show-desktop-plus"
RESOURCE_MONITOR_UUID="Resource_Monitor@Ory0n"
RESOURCE_MONITOR_SOURCE_URL="https://extensions.gnome.org/review/download/70909.shell-extension.zip"
RESOURCE_MONITOR_REVIEW_ID="70909"
RESOURCE_MONITOR_VERSION="28"
RESOURCE_MONITOR_SHELL_VERSION="50"
RESOURCE_MONITOR_SHA256="18f49cf20bd8f96f22f6048d7404e51cb414c1aea94ca16d0c2ad3634e9d8bf2"
RESOURCE_MONITOR_SCHEMA="org.gnome.shell.extensions.resource-monitor"
TILING_ASSISTANT_UUID="tiling-assistant@leleat-on-github"
TILING_ASSISTANT_SOURCE_URL="https://github.com/Leleat/Tiling-Assistant/releases/download/v55/tiling-assistant@leleat-on-github.shell-extension.zip"
TILING_ASSISTANT_VERSION="55"
TILING_ASSISTANT_SHELL_VERSION="50"
TILING_ASSISTANT_SHA256="7bc50a3bc597c8a6fb45f900040aa7696864ec1b2ce494b569c7b22303b30b26"
